
Microsoft Visual Studio Solution File, Format Version 12.00
# Visual Studio Version 16
VisualStudioVersion = 16.0.32228.343
MinimumVisualStudioVersion = 10.0.40219.1
Project("{8BC9CEB8-8B4A-11D0-8D11-00A0C91BC942}") = "ProcMonDriver", "ProcMonDriver\ProcMonDriver.vcxproj", "{9D97A8A5-0CDB-4058-ADB5-AA70F99BDBE4}"
EndProject
Project("{8BC9CEB8-8B4A-11D0-8D11-00A0C91BC942}") = "CppSharedMemoryTest", "CppSharedMemoryTest\CppSharedMemoryTest.vcxproj", "{07B5EF9C-D93E-44D8-8E49-D1D5AD19B013}"
EndProject
Project("{8BC9CEB8-8B4A-11D0-8D11-00A0C91BC942}") = "ProcMonOB", "ProcMonOB\ProcMonOB.vcxproj", "{F1268C3D-1723-4CDD-AF81-C12AFBC55C02}"
EndProject
Project("{8BC9CEB8-8B4A-11D0-8D11-00A0C91BC942}") = "ProcMonFS", "ProcMonFS\ProcMonFS.vcxproj", "{8C327080-6BE0-463B-8691-9D15AF399C87}"
EndProject
Project("{8BC9CEB8-8B4A-11D0-8D11-00A0C91BC942}") = "ProcMonReg", "ProcMonReg\ProcMonReg.vcxproj", "{744A8B68-D5A8-429F-B2B7-ED4E3BEE3D24}"
EndProject
Project("{FAE04EC0-301F-11D3-BF4B-00C04F79EFBC}") = "ProcMon", "ProcMon\ProcMon.csproj", "{A7957EA0-C6D1-406C-A83F-C78639190354}"
EndProject
Project("{FAE04EC0-301F-11D3-BF4B-00C04F79EFBC}") = "ProcMonTest", "ProcMonTest\ProcMonTest.csproj", "{3F5A6A05-0ABA-4399-B85E-0D517799B07A}"
EndProject
Global
	GlobalSection(SolutionConfigurationPlatforms) = preSolution
		Debug|x64 = Debug|x64
		Debug|x86 = Debug|x86
		Release|x64 = Release|x64
		Release|x86 = Release|x86
	EndGlobalSection
	GlobalSection(ProjectConfigurationPlatforms) = postSolution
		{9D97A8A5-0CDB-4058-ADB5-AA70F99BDBE4}.Debug|x64.ActiveCfg = Debug|x64
		{9D97A8A5-0CDB-4058-ADB5-AA70F99BDBE4}.Debug|x64.Build.0 = Debug|x64
		{9D97A8A5-0CDB-4058-ADB5-AA70F99BDBE4}.Debug|x64.Deploy.0 = Debug|x64
		{9D97A8A5-0CDB-4058-ADB5-AA70F99BDBE4}.Debug|x86.ActiveCfg = Debug|Win32
		{9D97A8A5-0CDB-4058-ADB5-AA70F99BDBE4}.Debug|x86.Build.0 = Debug|Win32
		{9D97A8A5-0CDB-4058-ADB5-AA70F99BDBE4}.Debug|x86.Deploy.0 = Debug|Win32
		{9D97A8A5-0CDB-4058-ADB5-AA70F99BDBE4}.Release|x64.ActiveCfg = Release|x64
		{9D97A8A5-0CDB-4058-ADB5-AA70F99BDBE4}.Release|x64.Build.0 = Release|x64
		{9D97A8A5-0CDB-4058-ADB5-AA70F99BDBE4}.Release|x64.Deploy.0 = Release|x64
		{9D97A8A5-0CDB-4058-ADB5-AA70F99BDBE4}.Release|x86.ActiveCfg = Release|Win32
		{9D97A8A5-0CDB-4058-ADB5-AA70F99BDBE4}.Release|x86.Build.0 = Release|Win32
		{9D97A8A5-0CDB-4058-ADB5-AA70F99BDBE4}.Release|x86.Deploy.0 = Release|Win32
		{07B5EF9C-D93E-44D8-8E49-D1D5AD19B013}.Debug|x64.ActiveCfg = Debug|x64
		{07B5EF9C-D93E-44D8-8E49-D1D5AD19B013}.Debug|x64.Build.0 = Debug|x64
		{07B5EF9C-D93E-44D8-8E49-D1D5AD19B013}.Debug|x86.ActiveCfg = Debug|Win32
		{07B5EF9C-D93E-44D8-8E49-D1D5AD19B013}.Debug|x86.Build.0 = Debug|Win32
		{07B5EF9C-D93E-44D8-8E49-D1D5AD19B013}.Release|x64.ActiveCfg = Release|x64
		{07B5EF9C-D93E-44D8-8E49-D1D5AD19B013}.Release|x64.Build.0 = Release|x64
		{07B5EF9C-D93E-44D8-8E49-D1D5AD19B013}.Release|x86.ActiveCfg = Release|Win32
		{07B5EF9C-D93E-44D8-8E49-D1D5AD19B013}.Release|x86.Build.0 = Release|Win32
		{F1268C3D-1723-4CDD-AF81-C12AFBC55C02}.Debug|x64.ActiveCfg = Debug|x64
		{F1268C3D-1723-4CDD-AF81-C12AFBC55C02}.Debug|x64.Build.0 = Debug|x64
		{F1268C3D-1723-4CDD-AF81-C12AFBC55C02}.Debug|x64.Deploy.0 = Debug|x64
		{F1268C3D-1723-4CDD-AF81-C12AFBC55C02}.Debug|x86.ActiveCfg = Debug|Win32
		{F1268C3D-1723-4CDD-AF81-C12AFBC55C02}.Debug|x86.Build.0 = Debug|Win32
		{F1268C3D-1723-4CDD-AF81-C12AFBC55C02}.Debug|x86.Deploy.0 = Debug|Win32
		{F1268C3D-1723-4CDD-AF81-C12AFBC55C02}.Release|x64.ActiveCfg = Release|x64
		{F1268C3D-1723-4CDD-AF81-C12AFBC55C02}.Release|x64.Build.0 = Release|x64
		{F1268C3D-1723-4CDD-AF81-C12AFBC55C02}.Release|x64.Deploy.0 = Release|x64
		{F1268C3D-1723-4CDD-AF81-C12AFBC55C02}.Release|x86.ActiveCfg = Release|Win32
		{F1268C3D-1723-4CDD-AF81-C12AFBC55C02}.Release|x86.Build.0 = Release|Win32
		{F1268C3D-1723-4CDD-AF81-C12AFBC55C02}.Release|x86.Deploy.0 = Release|Win32
		{8C327080-6BE0-463B-8691-9D15AF399C87}.Debug|x64.ActiveCfg = Debug|x64
		{8C327080-6BE0-463B-8691-9D15AF399C87}.Debug|x64.Build.0 = Debug|x64
		{8C327080-6BE0-463B-8691-9D15AF399C87}.Debug|x64.Deploy.0 = Debug|x64
		{8C327080-6BE0-463B-8691-9D15AF399C87}.Debug|x86.ActiveCfg = Debug|Win32
		{8C327080-6BE0-463B-8691-9D15AF399C87}.Debug|x86.Build.0 = Debug|Win32
		{8C327080-6BE0-463B-8691-9D15AF399C87}.Debug|x86.Deploy.0 = Debug|Win32
		{8C327080-6BE0-463B-8691-9D15AF399C87}.Release|x64.ActiveCfg = Release|x64
		{8C327080-6BE0-463B-8691-9D15AF399C87}.Release|x64.Build.0 = Release|x64
		{8C327080-6BE0-463B-8691-9D15AF399C87}.Release|x64.Deploy.0 = Release|x64
		{8C327080-6BE0-463B-8691-9D15AF399C87}.Release|x86.ActiveCfg = Release|Win32
		{8C327080-6BE0-463B-8691-9D15AF399C87}.Release|x86.Build.0 = Release|Win32
		{8C327080-6BE0-463B-8691-9D15AF399C87}.Release|x86.Deploy.0 = Release|Win32
		{744A8B68-D5A8-429F-B2B7-ED4E3BEE3D24}.Debug|x64.ActiveCfg = Debug|x64
		{744A8B68-D5A8-429F-B2B7-ED4E3BEE3D24}.Debug|x64.Build.0 = Debug|x64
		{744A8B68-D5A8-429F-B2B7-ED4E3BEE3D24}.Debug|x64.Deploy.0 = Debug|x64
		{744A8B68-D5A8-429F-B2B7-ED4E3BEE3D24}.Debug|x86.ActiveCfg = Debug|Win32
		{744A8B68-D5A8-429F-B2B7-ED4E3BEE3D24}.Debug|x86.Build.0 = Debug|Win32
		{744A8B68-D5A8-429F-B2B7-ED4E3BEE3D24}.Debug|x86.Deploy.0 = Debug|Win32
		{744A8B68-D5A8-429F-B2B7-ED4E3BEE3D24}.Release|x64.ActiveCfg = Release|x64
		{744A8B68-D5A8-429F-B2B7-ED4E3BEE3D24}.Release|x64.Build.0 = Release|x64
		{744A8B68-D5A8-429F-B2B7-ED4E3BEE3D24}.Release|x64.Deploy.0 = Release|x64
		{744A8B68-D5A8-429F-B2B7-ED4E3BEE3D24}.Release|x86.ActiveCfg = Release|Win32
		{744A8B68-D5A8-429F-B2B7-ED4E3BEE3D24}.Release|x86.Build.0 = Release|Win32
		{744A8B68-D5A8-429F-B2B7-ED4E3BEE3D24}.Release|x86.Deploy.0 = Release|Win32
		{A7957EA0-C6D1-406C-A83F-C78639190354}.Debug|x64.ActiveCfg = Debug|Any CPU
		{A7957EA0-C6D1-406C-A83F-C78639190354}.Debug|x64.Build.0 = Debug|Any CPU
		{A7957EA0-C6D1-406C-A83F-C78639190354}.Debug|x86.ActiveCfg = Debug|Any CPU
		{A7957EA0-C6D1-406C-A83F-C78639190354}.Debug|x86.Build.0 = Debug|Any CPU
		{A7957EA0-C6D1-406C-A83F-C78639190354}.Release|x64.ActiveCfg = Release|Any CPU
		{A7957EA0-C6D1-406C-A83F-C78639190354}.Release|x64.Build.0 = Release|Any CPU
		{A7957EA0-C6D1-406C-A83F-C78639190354}.Release|x86.ActiveCfg = Release|Any CPU
		{A7957EA0-C6D1-406C-A83F-C78639190354}.Release|x86.Build.0 = Release|Any CPU
		{3F5A6A05-0ABA-4399-B85E-0D517799B07A}.Debug|x64.ActiveCfg = Debug|Any CPU
		{3F5A6A05-0ABA-4399-B85E-0D517799B07A}.Debug|x64.Build.0 = Debug|Any CPU
		{3F5A6A05-0ABA-4399-B85E-0D517799B07A}.Debug|x86.ActiveCfg = Debug|Any CPU
		{3F5A6A05-0ABA-4399-B85E-0D517799B07A}.Debug|x86.Build.0 = Debug|Any CPU
		{3F5A6A05-0ABA-4399-B85E-0D517799B07A}.Release|x64.ActiveCfg = Release|Any CPU
		{3F5A6A05-0ABA-4399-B85E-0D517799B07A}.Release|x64.Build.0 = Release|Any CPU
		{3F5A6A05-0ABA-4399-B85E-0D517799B07A}.Release|x86.ActiveCfg = Release|Any CPU
		{3F5A6A05-0ABA-4399-B85E-0D517799B07A}.Release|x86.Build.0 = Release|Any CPU
	EndGlobalSection
	GlobalSection(SolutionProperties) = preSolution
		HideSolutionNode = FALSE
	EndGlobalSection
	GlobalSection(ExtensibilityGlobals) = postSolution
		SolutionGuid = {E3E7F199-D910-4435-9CB4-6F0C2123BF59}
	EndGlobalSection
EndGlobal
